
Microsoft Visual Studio Solution File, Format Version 12.00
# Visual Studio Version 17
VisualStudioVersion = 17.5.33414.496
MinimumVisualStudioVersion = 10.0.40219.1
Project("{9A19103F-16F7-4668-BE54-9A1E7A4F7556}") = "PizzaApp", "PizzaApp.csproj", "{6A6DE4B5-A282-423B-8540-AA95B6819F6A}"
EndProject
Global
	GlobalSection(SolutionConfigurationPlatforms) = preSolution
		Debug|Any CPU = Debug|Any CPU
		Release|Any CPU = Release|Any CPU
	EndGlobalSection
	GlobalSection(ProjectConfigurationPlatforms) = postSolution
		{6A6DE4B5-A282-423B-8540-AA95B6819F6A}.Debug|Any CPU.ActiveCfg = Debug|Any CPU
		{6A6DE4B5-A282-423B-8540-AA95B6819F6A}.Debug|Any CPU.Build.0 = Debug|Any CPU
		{6A6DE4B5-A282-423B-8540-AA95B6819F6A}.Release|Any CPU.ActiveCfg = Release|Any CPU
		{6A6DE4B5-A282-423B-8540-AA95B6819F6A}.Release|Any CPU.Build.0 = Release|Any CPU
	EndGlobalSection
	GlobalSection(SolutionProperties) = preSolution
		HideSolutionNode = FALSE
	EndGlobalSection
	GlobalSection(ExtensibilityGlobals) = postSolution
		SolutionGuid = {EF9C74D1-861C-4D99-9632-A9AA67298DFD}
	EndGlobalSection
EndGlobal
